
Microsoft Visual Studio Solution File, Format Version 12.00
# Visual Studio Version 17
VisualStudioVersion = 17.3.32929.385
MinimumVisualStudioVersion = 10.0.40219.1
Project("{FAE04EC0-301F-11D3-BF4B-00C04F79EFBC}") = "game", "TetrisS\game.csproj", "{200AF256-7D7D-4587-BEB8-E6C66DA6564C}"
EndProject
Global
	GlobalSection(SolutionConfigurationPlatforms) = preSolution
		Debug|Any CPU = Debug|Any CPU
		Release|Any CPU = Release|Any CPU
	EndGlobalSection
	GlobalSection(ProjectConfigurationPlatforms) = postSolution
		{200AF256-7D7D-4587-BEB8-E6C66DA6564C}.Debug|Any CPU.ActiveCfg = Debug|Any CPU
		{200AF256-7D7D-4587-BEB8-E6C66DA6564C}.Debug|Any CPU.Build.0 = Debug|Any CPU
		{200AF256-7D7D-4587-BEB8-E6C66DA6564C}.Release|Any CPU.ActiveCfg = Release|Any CPU
		{200AF256-7D7D-4587-BEB8-E6C66DA6564C}.Release|Any CPU.Build.0 = Release|Any CPU
	EndGlobalSection
	GlobalSection(SolutionProperties) = preSolution
		HideSolutionNode = FALSE
	EndGlobalSection
	GlobalSection(ExtensibilityGlobals) = postSolution
		SolutionGuid = {C5943185-6274-4592-AA54-B23A45A9B0D2}
	EndGlobalSection
EndGlobal
